PODS:
  - CryptoSwift (1.4.2)
  - Starscream (4.0.4)
  - SwiftLint (0.46.2)
  - SwiftProtobuf (1.5.0)
  - TrustWalletCore (0.12.25):
    - SwiftProtobuf (~> 1.5.0)
  - WalletConnect (0.1.0):
    - CryptoSwift
    - Starscream

DEPENDENCIES:
  - SwiftLint
  - TrustWalletCore (= 0.12.25)
  - WalletConnect (from `../`)

SPEC REPOS:
  trunk:
    - CryptoSwift
    - Starscream
    - SwiftLint
    - SwiftProtobuf
    - TrustWalletCore

EXTERNAL SOURCES:
  WalletConnect:
    :path: "../"

SPEC CHECKSUMS:
  CryptoSwift: a532e74ed010f8c95f611d00b8bbae42e9fe7c17
  Starscream: 5178aed56b316f13fa3bc55694e583d35dd414d9
  SwiftLint: 6bc52a21f0fd44cab9aa2dc8e534fb9f5e3ec507
  SwiftProtobuf: 241400280f912735c1e1b9fe675fdd2c6c4d42e2
  TrustWalletCore: c5e7f4c875b9e68203ee2b0312272dd7dd32ce98
  WalletConnect: c94b78515fc0c1825d8a1837ccc63771b48c617f

PODFILE CHECKSUM: c8807d1c51980914b0cff8beb5c481c6ca6881d9

COCOAPODS: 1.11.2
